
Microsoft Visual Studio Solution File, Format Version 12.00
# Visual Studio Version 16
VisualStudioVersion = 16.0.30413.136
MinimumVisualStudioVersion = 10.0.40219.1
Project("{FAE04EC0-301F-11D3-BF4B-00C04F79EFBC}") = "AlmostIncreasingSequence", "AlmostIncreasingSequence\AlmostIncreasingSequence.csproj", "{599691A1-E284-492F-A1A9-C35BBD3D4773}"
EndProject
Global
	GlobalSection(SolutionConfigurationPlatforms) = preSolution
		Debug|Any CPU = Debug|Any CPU
		Release|Any CPU = Release|Any CPU
	EndGlobalSection
	GlobalSection(ProjectConfigurationPlatforms) = postSolution
		{599691A1-E284-492F-A1A9-C35BBD3D4773}.Debug|Any CPU.ActiveCfg = Debug|Any CPU
		{599691A1-E284-492F-A1A9-C35BBD3D4773}.Debug|Any CPU.Build.0 = Debug|Any CPU
		{599691A1-E284-492F-A1A9-C35BBD3D4773}.Release|Any CPU.ActiveCfg = Release|Any CPU
		{599691A1-E284-492F-A1A9-C35BBD3D4773}.Release|Any CPU.Build.0 = Release|Any CPU
	EndGlobalSection
	GlobalSection(SolutionProperties) = preSolution
		HideSolutionNode = FALSE
	EndGlobalSection
	GlobalSection(ExtensibilityGlobals) = postSolution
		SolutionGuid = {91105C7A-3599-480F-9F6F-E66913A1BE20}
	EndGlobalSection
EndGlobal
